{
    "name": "@oriolrius/node-red-contrib-s7",
    "version": "4.0.7",
    "lockfileVersion": 3,
    "requires": true,
    "packages": {
        "": {
            "name": "@oriolrius/node-red-contrib-s7",
            "version": "4.0.7",
            "license": "GPL-3.0-or-later",
            "dependencies": {
                "nodes7": "^0.3.13"
            }
        },
        "node_modules/nodes7": {
            "version": "0.3.18",
            "resolved": "https://registry.npmjs.org/nodes7/-/nodes7-0.3.18.tgz",
            "integrity": "sha512-o5nnekjzX5tisE0oKxhddu4dbhhMVXcmYd0AqA3zDSBJFQ8iZYQAePehe/jL5VLE0lYJb+El8WrpVzgzxSQq7w==",
            "license": "MIT"
        }
    }
}
