{
    "name": "node-red-contrib-s7",
    "version": "3.5.0",
    "lockfileVersion": 1,
    "requires": true,
    "dependencies": {
        "nodes7": {
            "version": "0.3.13",
            "resolved": "https://registry.npmjs.org/nodes7/-/nodes7-0.3.13.tgz",
            "integrity": "sha512-KqGwkJw6jlp+BZZKjGLLvwUvxnbGjdJhQvIyMjIzlPcg8QfmtpHLl0jPrEtAjPb4VZzaJGBaKnOchqzQf4VwA=="
        }
    }
}
